
Microsoft Visual Studio Solution File, Format Version 12.00
# Visual Studio Version 17
VisualStudioVersion = 17.3.32901.215
MinimumVisualStudioVersion = 10.0.40219.1
Project("{FAE04EC0-301F-11D3-BF4B-00C04F79EFBC}") = "Module9.HomeWork", "Module9.HomeWork\Module9.HomeWork.csproj", "{791C2633-AA6F-4E4E-82E3-4D255B2B05F4}"
EndProject
Global
	GlobalSection(SolutionConfigurationPlatforms) = preSolution
		Debug|Any CPU = Debug|Any CPU
		Release|Any CPU = Release|Any CPU
	EndGlobalSection
	GlobalSection(ProjectConfigurationPlatforms) = postSolution
		{791C2633-AA6F-4E4E-82E3-4D255B2B05F4}.Debug|Any CPU.ActiveCfg = Debug|Any CPU
		{791C2633-AA6F-4E4E-82E3-4D255B2B05F4}.Debug|Any CPU.Build.0 = Debug|Any CPU
		{791C2633-AA6F-4E4E-82E3-4D255B2B05F4}.Release|Any CPU.ActiveCfg = Release|Any CPU
		{791C2633-AA6F-4E4E-82E3-4D255B2B05F4}.Release|Any CPU.Build.0 = Release|Any CPU
	EndGlobalSection
	GlobalSection(SolutionProperties) = preSolution
		HideSolutionNode = FALSE
	EndGlobalSection
	GlobalSection(ExtensibilityGlobals) = postSolution
		SolutionGuid = {DFF0FF03-EDF7-4048-A28D-977749D19729}
	EndGlobalSection
EndGlobal
